{
  "nodes": {
    "nixCats": {
      "locked": {
        "lastModified": 1759730664,
        "narHash": "sha256-boRlBQ/c4CaHsK/z04QL6+t81mcar37Io94HBX2GflY=",
        "owner": "BirdeeHub",
        "repo": "nixCats-nvim",
        "rev": "77dffad8235eb77684fcb7599487c8e9f23d5b8f",
        "type": "github"
      },
      "original": {
        "owner": "BirdeeHub",
        "repo": "nixCats-nvim",
        "type": "github"
      }
    },
    "nixpkgs": {
      "locked": {
        "lastModified": 1760965567,
        "narHash": "sha256-0JDOal5P7xzzAibvD0yTE3ptyvoVOAL0rcELmDdtSKg=",
        "owner": "nixos",
        "repo": "nixpkgs",
        "rev": "cb82756ecc37fa623f8cf3e88854f9bf7f64af93",
        "type": "github"
      },
      "original": {
        "owner": "nixos",
        "ref": "nixpkgs-unstable",
        "repo": "nixpkgs",
        "type": "github"
      }
    },
    "plugins-hlargs": {
      "flake": false,
      "locked": {
        "lastModified": 1758619418,
        "narHash": "sha256-WjmVefR0qk2ANWgyHSuYMTuCfzlVTF7tqzAL+uatKkc=",
        "owner": "m-demare",
        "repo": "hlargs.nvim",
        "rev": "0b29317c944fb1f76503ce4540d6dceffbb5ccd2",
        "type": "github"
      },
      "original": {
        "owner": "m-demare",
        "repo": "hlargs.nvim",
        "type": "github"
      }
    },
    "root": {
      "inputs": {
        "nixCats": "nixCats",
        "nixpkgs": "nixpkgs",
        "plugins-hlargs": "plugins-hlargs"
      }
    }
  },
  "root": "root",
  "version": 7
}
